// !$*UTF8*$!
{
	archiveVersion = 1;
	classes = {
	};
	objectVersion = 55;
	objects = {

/* Begin PBXBuildFile section */
		F0641CBD27C4795F0053F355 /* AppDelegate.swift in Sources */ = {isa = PBXBuildFile; fileRef = F0641CBC27C4795F0053F355 /* AppDelegate.swift */; };
		F0641CBF27C4795F0053F355 /* SceneDelegate.swift in Sources */ = {isa = PBXBuildFile; fileRef = F0641CBE27C4795F0053F355 /* SceneDelegate.swift */; };
		F0641CC127C4795F0053F355 /* ViewController.swift in Sources */ = {isa = PBXBuildFile; fileRef = F0641CC027C4795F0053F355 /* ViewController.swift */; };
		F0641CC427C4795F0053F355 /* Main.storyboard in Resources */ = {isa = PBXBuildFile; fileRef = F0641CC227C4795F0053F355 /* Main.storyboard */; };
		F0641CC627C479620053F355 /* Assets.xcassets in Resources */ = {isa = PBXBuildFile; fileRef = F0641CC527C479620053F355 /* Assets.xcassets */; };
		F0641CC927C479620053F355 /* LaunchScreen.storyboard in Resources */ = {isa = PBXBuildFile; fileRef = F0641CC727C479620053F355 /* LaunchScreen.storyboard */; };
		F0641CD427C479620053F355 /* testTests.swift in Sources */ = {isa = PBXBuildFile; fileRef = F0641CD327C479620053F355 /* testTests.swift */; };
		F0641CDE27C479620053F355 /* testUITests.swift in Sources */ = {isa = PBXBuildFile; fileRef = F0641CDD27C479620053F355 /* testUITests.swift */; };
		F0641CE027C479620053F355 /* testUITestsLaunchTests.swift in Sources */ = {isa = PBXBuildFile; fileRef = F0641CDF27C479620053F355 /* testUITestsLaunchTests.swift */; };
		F0C5C77727C7553B0083DBD1 /* Baby.png in Resources */ = {isa = PBXBuildFile; fileRef = F0C5C77627C755380083DBD1 /* Baby.png */; };
/* End PBXBuildFile section */

/* Begin PBXContainerItemProxy section */
		F0641CD027C479620053F355 /* PBXContainerItemProxy */ = {
			isa = PBXContainerItemProxy;
			containerPortal = F0641CB127C4795F0053F355 /* Project object */;
			proxyType = 1;
			remoteGlobalIDString = F0641CB827C4795F0053F355;
			remoteInfo = test;
		};
		F0641CDA27C479620053F355 /* PBXContainerItemProxy */ = {
			isa = PBXContainerItemProxy;
			containerPortal = F0641CB127C4795F0053F355 /* Project object */;
			proxyType = 1;
			remoteGlobalIDString = F0641CB827C4795F0053F355;
			remoteInfo = test;
		};
/* End PBXContainerItemProxy section */

/* Begin PBXFileReference section */
		F0641CB927C4795F0053F355 /* test.app */ = {isa = PBXFileReference; explicitFileType = wrapper.application; includeInIndex = 0; path = test.app; sourceTree = BUILT_PRODUCTS_DIR; };
		F0641CBC27C4795F0053F355 /* AppDelegate.swift */ = {isa = PBXFileReference; lastKnownFileType = sourcecode.swift; path = AppDelegate.swift; sourceTree = "<group>"; };
		F0641CBE27C4795F0053F355 /* SceneDelegate.swift */ = {isa = PBXFileReference; lastKnownFileType = sourcecode.swift; path = SceneDelegate.swift; sourceTree = "<group>"; };
		F0641CC027C4795F0053F355 /* ViewController.swift */ = {isa = PBXFileReference; lastKnownFileType = sourcecode.swift; path = ViewController.swift; sourceTree = "<group>"; };
		F0641CC327C4795F0053F355 /* Base */ = {isa = PBXFileReference; lastKnownFileType = file.storyboard; name = Base; path = Base.lproj/Main.storyboard; sourceTree = "<group>"; };
		F0641CC527C479620053F355 /* Assets.xcassets */ = {isa = PBXFileReference; lastKnownFileType = folder.assetcatalog; path = Assets.xcassets; sourceTree = "<group>"; };
		F0641CC827C479620053F355 /* Base */ = {isa = PBXFileReference; lastKnownFileType = file.storyboard; name = Base; path = Base.lproj/LaunchScreen.storyboard; sourceTree = "<group>"; };
		F0641CCA27C479620053F355 /* Info.plist */ = {isa = PBXFileReference; lastKnownFileType = text.plist.xml; path = Info.plist; sourceTree = "<group>"; };
		F0641CCF27C479620053F355 /* testTests.xctest */ = {isa = PBXFileReference; explicitFileType = wrapper.cfbundle; includeInIndex = 0; path = testTests.xctest; sourceTree = BUILT_PRODUCTS_DIR; };
		F0641CD327C479620053F355 /* testTests.swift */ = {isa = PBXFileReference; lastKnownFileType = sourcecode.swift; path = testTests.swift; sourceTree = "<group>"; };
		F0641CD927C479620053F355 /* testUITests.xctest */ = {isa = PBXFileReference; explicitFileType = wrapper.cfbundle; includeInIndex = 0; path = testUITests.xctest; sourceTree = BUILT_PRODUCTS_DIR; };
		F0641CDD27C479620053F355 /* testUITests.swift */ = {isa = PBXFileReference; lastKnownFileType = sourcecode.swift; path = testUITests.swift; sourceTree = "<group>"; };
		F0641CDF27C479620053F355 /* testUITestsLaunchTests.swift */ = {isa = PBXFileReference; lastKnownFileType = sourcecode.swift; path = testUITestsLaunchTests.swift; sourceTree = "<group>"; };
		F0C5C77527C754390083DBD1 /* MyPlayground.playground */ = {isa = PBXFileReference; lastKnownFileType = file.playground; path = MyPlayground.playground; sourceTree = "<group>"; xcLanguageSpecificationIdentifier = xcode.lang.swift; };
		F0C5C77627C755380083DBD1 /* Baby.png */ = {isa = PBXFileReference; lastKnownFileType = image.png; path = Baby.png; sourceTree = "<group>"; };
/* End PBXFileReference section */

/* Begin PBXFrameworksBuildPhase section */
		F0641CB627C4795F0053F355 /* Frameworks */ = {
			isa = PBXFrameworksBuildPhase;
			buildActionMask = 2147483647;
			files = (
			);
			runOnlyForDeploymentPostprocessing = 0;
		};
		F0641CCC27C479620053F355 /* Frameworks */ = {
			isa = PBXFrameworksBuildPhase;
			buildActionMask = 2147483647;
			files = (
			);
			runOnlyForDeploymentPostprocessing = 0;
		};
		F0641CD627C479620053F355 /* Frameworks */ = {
			isa = PBXFrameworksBuildPhase;
			buildActionMask = 2147483647;
			files = (
			);
			runOnlyForDeploymentPostprocessing = 0;
		};
/* End PBXFrameworksBuildPhase section */

/* Begin PBXGroup section */
		F0641CB027C4795F0053F355 = {
			isa = PBXGroup;
			children = (
				F0641CBB27C4795F0053F355 /* test */,
				F0641CD227C479620053F355 /* testTests */,
				F0641CDC27C479620053F355 /* testUITests */,
				F0641CBA27C4795F0053F355 /* Products */,
			);
			sourceTree = "<group>";
		};
		F0641CBA27C4795F0053F355 /* Products */ = {
			isa = PBXGroup;
			children = (
				F0641CB927C4795F0053F355 /* test.app */,
				F0641CCF27C479620053F355 /* testTests.xctest */,
				F0641CD927C479620053F355 /* testUITests.xctest */,
			);
			name = Products;
			sourceTree = "<group>";
		};
		F0641CBB27C4795F0053F355 /* test */ = {
			isa = PBXGroup;
			children = (
				F0C5C77627C755380083DBD1 /* Baby.png */,
				F0641CBC27C4795F0053F355 /* AppDelegate.swift */,
				F0641CBE27C4795F0053F355 /* SceneDelegate.swift */,
				F0641CC027C4795F0053F355 /* ViewController.swift */,
				F0C5C77527C754390083DBD1 /* MyPlayground.playground */,
				F0641CC227C4795F0053F355 /* Main.storyboard */,
				F0641CC527C479620053F355 /* Assets.xcassets */,
				F0641CC727C479620053F355 /* LaunchScreen.storyboard */,
				F0641CCA27C479620053F355 /* Info.plist */,
			);
			path = test;
			sourceTree = "<group>";
		};
		F0641CD227C479620053F355 /* testTests */ = {
			isa = PBXGroup;
			children = (
				F0641CD327C479620053F355 /* testTests.swift */,
			);
			path = testTests;
			sourceTree = "<group>";
		};
		F0641CDC27C479620053F355 /* testUITests */ = {
			isa = PBXGroup;
			children = (
				F0641CDD27C479620053F355 /* testUITests.swift */,
				F0641CDF27C479620053F355 /* testUITestsLaunchTests.swift */,
			);
			path = testUITests;
			sourceTree = "<group>";
		};
/* End PBXGroup section */

/* Begin PBXNativeTarget section */
		F0641CB827C4795F0053F355 /* test */ = {
			isa = PBXNativeTarget;
			buildConfigurationList = F0641CE327C479620053F355 /* Build configuration list for PBXNativeTarget "test" */;
			buildPhases = (
				F0641CB527C4795F0053F355 /* Sources */,
				F0641CB627C4795F0053F355 /* Frameworks */,
				F0641CB727C4795F0053F355 /* Resources */,
			);
			buildRules = (
			);
			dependencies = (
			);
			name = test;
			productName = test;
			productReference = F0641CB927C4795F0053F355 /* test.app */;
			productType = "com.apple.product-type.application";
		};
		F0641CCE27C479620053F355 /* testTests */ = {
			isa = PBXNativeTarget;
			buildConfigurationList = F0641CE627C479620053F355 /* Build configuration list for PBXNativeTarget "testTests" */;
			buildPhases = (
				F0641CCB27C479620053F355 /* Sources */,
				F0641CCC27C479620053F355 /* Frameworks */,
				F0641CCD27C479620053F355 /* Resources */,
			);
			buildRules = (
			);
			dependencies = (
				F0641CD127C479620053F355 /* PBXTargetDependency */,
			);
			name = testTests;
			productName = testTests;
			productReference = F0641CCF27C479620053F355 /* testTests.xctest */;
			productType = "com.apple.product-type.bundle.unit-test";
		};
		F0641CD827C479620053F355 /* testUITests */ = {
			isa = PBXNativeTarget;
			buildConfigurationList = F0641CE927C479620053F355 /* Build configuration list for PBXNativeTarget "testUITests" */;
			buildPhases = (
				F0641CD527C479620053F355 /* Sources */,
				F0641CD627C479620053F355 /* Frameworks */,
				F0641CD727C479620053F355 /* Resources */,
			);
			buildRules = (
			);
			dependencies = (
				F0641CDB27C479620053F355 /* PBXTargetDependency */,
			);
			name = testUITests;
			productName = testUITests;
			productReference = F0641CD927C479620053F355 /* testUITests.xctest */;
			productType = "com.apple.product-type.bundle.ui-testing";
		};
/* End PBXNativeTarget section */

/* Begin PBXProject section */
		F0641CB127C4795F0053F355 /* Project object */ = {
			isa = PBXProject;
			attributes = {
				BuildIndependentTargetsInParallel = 1;
				LastSwiftUpdateCheck = 1320;
				LastUpgradeCheck = 1320;
				TargetAttributes = {
					F0641CB827C4795F0053F355 = {
						CreatedOnToolsVersion = 13.2.1;
					};
					F0641CCE27C479620053F355 = {
						CreatedOnToolsVersion = 13.2.1;
						TestTargetID = F0641CB827C4795F0053F355;
					};
					F0641CD827C479620053F355 = {
						CreatedOnToolsVersion = 13.2.1;
						TestTargetID = F0641CB827C4795F0053F355;
					};
				};
			};
			buildConfigurationList = F0641CB427C4795F0053F355 /* Build configuration list for PBXProject "test" */;
			compatibilityVersion = "Xcode 13.0";
			developmentRegion = en;
			hasScannedForEncodings = 0;
			knownRegions = (
				en,
				Base,
			);
			mainGroup = F0641CB027C4795F0053F355;
			productRefGroup = F0641CBA27C4795F0053F355 /* Products */;
			projectDirPath = "";
			projectRoot = "";
			targets = (
				F0641CB827C4795F0053F355 /* test */,
				F0641CCE27C479620053F355 /* testTests */,
				F0641CD827C479620053F355 /* testUITests */,
			);
		};
/* End PBXProject section */

/* Begin PBXResourcesBuildPhase section */
		F0641CB727C4795F0053F355 /* Resources */ = {
			isa = PBXResourcesBuildPhase;
			buildActionMask = 2147483647;
			files = (
				F0641CC927C479620053F355 /* LaunchScreen.storyboard in Resources */,
				F0C5C77727C7553B0083DBD1 /* Baby.png in Resources */,
				F0641CC627C479620053F355 /* Assets.xcassets in Resources */,
				F0641CC427C4795F0053F355 /* Main.storyboard in Resources */,
			);
			runOnlyForDeploymentPostprocessing = 0;
		};
		F0641CCD27C479620053F355 /* Resources */ = {
			isa = PBXResourcesBuildPhase;
			buildActionMask = 2147483647;
			files = (
			);
			runOnlyForDeploymentPostprocessing = 0;
		};
		F0641CD727C479620053F355 /* Resources */ = {
			isa = PBXResourcesBuildPhase;
			buildActionMask = 2147483647;
			files = (
			);
			runOnlyForDeploymentPostprocessing = 0;
		};
/* End PBXResourcesBuildPhase section */

/* Begin PBXSourcesBuildPhase section */
		F0641CB527C4795F0053F355 /* Sources */ = {
			isa = PBXSourcesBuildPhase;
			buildActionMask = 2147483647;
			files = (
				F0641CC127C4795F0053F355 /* ViewController.swift in Sources */,
				F0641CBD27C4795F0053F355 /* AppDelegate.swift in Sources */,
				F0641CBF27C4795F0053F355 /* SceneDelegate.swift in Sources */,
			);
			runOnlyForDeploymentPostprocessing = 0;
		};
		F0641CCB27C479620053F355 /* Sources */ = {
			isa = PBXSourcesBuildPhase;
			buildActionMask = 2147483647;
			files = (
				F0641CD427C479620053F355 /* testTests.swift in Sources */,
			);
			runOnlyForDeploymentPostprocessing = 0;
		};
		F0641CD527C479620053F355 /* Sources */ = {
			isa = PBXSourcesBuildPhase;
			buildActionMask = 2147483647;
			files = (
				F0641CE027C479620053F355 /* testUITestsLaunchTests.swift in Sources */,
				F0641CDE27C479620053F355 /* testUITests.swift in Sources */,
			);
			runOnlyForDeploymentPostprocessing = 0;
		};
/* End PBXSourcesBuildPhase section */

/* Begin PBXTargetDependency section */
		F0641CD127C479620053F355 /* PBXTargetDependency */ = {
			isa = PBXTargetDependency;
			target = F0641CB827C4795F0053F355 /* test */;
			targetProxy = F0641CD027C479620053F355 /* PBXContainerItemProxy */;
		};
		F0641CDB27C479620053F355 /* PBXTargetDependency */ = {
			isa = PBXTargetDependency;
			target = F0641CB827C4795F0053F355 /* test */;
			targetProxy = F0641CDA27C479620053F355 /* PBXContainerItemProxy */;
		};
/* End PBXTargetDependency section */

/* Begin PBXVariantGroup section */
		F0641CC227C4795F0053F355 /* Main.storyboard */ = {
			isa = PBXVariantGroup;
			children = (
				F0641CC327C4795F0053F355 /* Base */,
			);
			name = Main.storyboard;
			sourceTree = "<group>";
		};
		F0641CC727C479620053F355 /* LaunchScreen.storyboard */ = {
			isa = PBXVariantGroup;
			children = (
				F0641CC827C479620053F355 /* Base */,
			);
			name = LaunchScreen.storyboard;
			sourceTree = "<group>";
		};
/* End PBXVariantGroup section */

/* Begin XCBuildConfiguration section */
		F0641CE127C479620053F355 /* Debug */ = {
			isa = XCBuildConfiguration;
			buildSettings = {
				ALWAYS_SEARCH_USER_PATHS = NO;
				CLANG_ANALYZER_NONNULL = YES;
				CLANG_ANALYZER_NUMBER_OBJECT_CONVERSION = YES_AGGRESSIVE;
				CLANG_CXX_LANGUAGE_STANDARD = "gnu++17";
				CLANG_CXX_LIBRARY = "libc++";
				CLANG_ENABLE_MODULES = YES;
				CLANG_ENABLE_OBJC_ARC = YES;
				CLANG_ENABLE_OBJC_WEAK = YES;
				CLANG_WARN_BLOCK_CAPTURE_AUTORELEASING = YES;
				CLANG_WARN_BOOL_CONVERSION = YES;
				CLANG_WARN_COMMA = YES;
				CLANG_WARN_CONSTANT_CONVERSION = YES;
				CLANG_WARN_DEPRECATED_OBJC_IMPLEMENTATIONS = YES;
				CLANG_WARN_DIRECT_OBJC_ISA_USAGE = YES_ERROR;
				CLANG_WARN_DOCUMENTATION_COMMENTS = YES;
				CLANG_WARN_EMPTY_BODY = YES;
				CLANG_WARN_ENUM_CONVERSION = YES;
				CLANG_WARN_INFINITE_RECURSION = YES;
				CLANG_WARN_INT_CONVERSION = YES;
				CLANG_WARN_NON_LITERAL_NULL_CONVERSION = YES;
				CLANG_WARN_OBJC_IMPLICIT_RETAIN_SELF = YES;
				CLANG_WARN_OBJC_LITERAL_CONVERSION = YES;
				CLANG_WARN_OBJC_ROOT_CLASS = YES_ERROR;
				CLANG_WARN_QUOTED_INCLUDE_IN_FRAMEWORK_HEADER = YES;
				CLANG_WARN_RANGE_LOOP_ANALYSIS = YES;
				CLANG_WARN_STRICT_PROTOTYPES = YES;
				CLANG_WARN_SUSPICIOUS_MOVE = YES;
				CLANG_WARN_UNGUARDED_AVAILABILITY = YES_AGGRESSIVE;
				CLANG_WARN_UNREACHABLE_CODE = YES;
				CLANG_WARN__DUPLICATE_METHOD_MATCH = YES;
				COPY_PHASE_STRIP = NO;
				DEBUG_INFORMATION_FORMAT = dwarf;
				ENABLE_STRICT_OBJC_MSGSEND = YES;
				ENABLE_TESTABILITY = YES;
				GCC_C_LANGUAGE_STANDARD = gnu11;
				GCC_DYNAMIC_NO_PIC = NO;
				GCC_NO_COMMON_BLOCKS = YES;
				GCC_OPTIMIZATION_LEVEL = 0;
				GCC_PREPROCESSOR_DEFINITIONS = (
					"DEBUG=1",
					"$(inherited)",
				);
				GCC_WARN_64_TO_32_BIT_CONVERSION = YES;
				GCC_WARN_ABOUT_RETURN_TYPE = YES_ERROR;
				GCC_WARN_UNDECLARED_SELECTOR = YES;
				GCC_WARN_UNINITIALIZED_AUTOS = YES_AGGRESSIVE;
				GCC_WARN_UNUSED_FUNCTION = YES;
				GCC_WARN_UNUSED_VARIABLE = YES;
				IPHONEOS_DEPLOYMENT_TARGET = 15.2;
				MTL_ENABLE_DEBUG_INFO = INCLUDE_SOURCE;
				MTL_FAST_MATH = YES;
				ONLY_ACTIVE_ARCH = YES;
				SDKROOT = iphoneos;
				SWIFT_ACTIVE_COMPILATION_CONDITIONS = DEBUG;
				SWIFT_OPTIMIZATION_LEVEL = "-Onone";
			};
			name = Debug;
		};
		F0641CE227C479620053F355 /* Release */ = {
			isa = XCBuildConfiguration;
			buildSettings = {
				ALWAYS_SEARCH_USER_PATHS = NO;
				CLANG_ANALYZER_NONNULL = YES;
				CLANG_ANALYZER_NUMBER_OBJECT_CONVERSION = YES_AGGRESSIVE;
				CLANG_CXX_LANGUAGE_STANDARD = "gnu++17";
				CLANG_CXX_LIBRARY = "libc++";
				CLANG_ENABLE_MODULES = YES;
				CLANG_ENABLE_OBJC_ARC = YES;
				CLANG_ENABLE_OBJC_WEAK = YES;
				CLANG_WARN_BLOCK_CAPTURE_AUTORELEASING = YES;
				CLANG_WARN_BOOL_CONVERSION = YES;
				CLANG_WARN_COMMA = YES;
				CLANG_WARN_CONSTANT_CONVERSION = YES;
				CLANG_WARN_DEPRECATED_OBJC_IMPLEMENTATIONS = YES;
				CLANG_WARN_DIRECT_OBJC_ISA_USAGE = YES_ERROR;
				CLANG_WARN_DOCUMENTATION_COMMENTS = YES;
				CLANG_WARN_EMPTY_BODY = YES;
				CLANG_WARN_ENUM_CONVERSION = YES;
				CLANG_WARN_INFINITE_RECURSION = YES;
				CLANG_WARN_INT_CONVERSION = YES;
				CLANG_WARN_NON_LITERAL_NULL_CONVERSION = YES;
				CLANG_WARN_OBJC_IMPLICIT_RETAIN_SELF = YES;
				CLANG_WARN_OBJC_LITERAL_CONVERSION = YES;
				CLANG_WARN_OBJC_ROOT_CLASS = YES_ERROR;
				CLANG_WARN_QUOTED_INCLUDE_IN_FRAMEWORK_HEADER = YES;
				CLANG_WARN_RANGE_LOOP_ANALYSIS = YES;
				CLANG_WARN_STRICT_PROTOTYPES = YES;
				CLANG_WARN_SUSPICIOUS_MOVE = YES;
				CLANG_WARN_UNGUARDED_AVAILABILITY = YES_AGGRESSIVE;
				CLANG_WARN_UNREACHABLE_CODE = YES;
				CLANG_WARN__DUPLICATE_METHOD_MATCH = YES;
				COPY_PHASE_STRIP = NO;
				DEBUG_INFORMATION_FORMAT = "dwarf-with-dsym";
				ENABLE_NS_ASSERTIONS = NO;
				ENABLE_STRICT_OBJC_MSGSEND = YES;
				GCC_C_LANGUAGE_STANDARD = gnu11;
				GCC_NO_COMMON_BLOCKS = YES;
				GCC_WARN_64_TO_32_BIT_CONVERSION = YES;
				GCC_WARN_ABOUT_RETURN_TYPE = YES_ERROR;
				GCC_WARN_UNDECLARED_SELECTOR = YES;
				GCC_WARN_UNINITIALIZED_AUTOS = YES_AGGRESSIVE;
				GCC_WARN_UNUSED_FUNCTION = YES;
				GCC_WARN_UNUSED_VARIABLE = YES;
				IPHONEOS_DEPLOYMENT_TARGET = 15.2;
				MTL_ENABLE_DEBUG_INFO = NO;
				MTL_FAST_MATH = YES;
				SDKROOT = iphoneos;
				SWIFT_COMPILATION_MODE = wholemodule;
				SWIFT_OPTIMIZATION_LEVEL = "-O";
				VALIDATE_PRODUCT = YES;
			};
			name = Release;
		};
		F0641CE427C479620053F355 /* Debug */ = {
			isa = XCBuildConfiguration;
			buildSettings = {
				ASSETCATALOG_COMPILER_APPICON_NAME = AppIcon;
				ASSETCATALOG_COMPILER_GLOBAL_ACCENT_COLOR_NAME = AccentColor;
				CODE_SIGN_STYLE = Automatic;
				CURRENT_PROJECT_VERSION = 1;
				DEVELOPMENT_TEAM = 8TGK6Z6G7C;
				GENERATE_INFOPLIST_FILE = YES;
				INFOPLIST_FILE = test/Info.plist;
				INFOPLIST_KEY_UIApplicationSupportsIndirectInputEvents = YES;
				INFOPLIST_KEY_UILaunchStoryboardName = LaunchScreen;
				INFOPLIST_KEY_UIMainStoryboardFile = Main;
				INFOPLIST_KEY_UISupportedInterfaceOrientations_iPad = "UIInterfaceOrientationPortrait UIInterfaceOrientationPortraitUpsideDown UIInterfaceOrientationLandscapeLeft UIInterfaceOrientationLandscapeRight";
				INFOPLIST_KEY_UISupportedInterfaceOrientations_iPhone = "UIInterfaceOrientationPortrait UIInterfaceOrientationLandscapeLeft UIInterfaceOrientationLandscapeRight";
				IPHONEOS_DEPLOYMENT_TARGET = 13.0;
				LD_RUNPATH_SEARCH_PATHS = (
					"$(inherited)",
					"@executable_path/Frameworks",
				);
				MARKETING_VERSION = 1.0;
				PRODUCT_BUNDLE_IDENTIFIER = text.test;
				PRODUCT_NAME = "$(TARGET_NAME)";
				SWIFT_EMIT_LOC_STRINGS = YES;
				SWIFT_VERSION = 5.0;
				TARGETED_DEVICE_FAMILY = "1,2";
			};
			name = Debug;
		};
		F0641CE527C479620053F355 /* Release */ = {
			isa = XCBuildConfiguration;
			buildSettings = {
				ASSETCATALOG_COMPILER_APPICON_NAME = AppIcon;
				ASSETCATALOG_COMPILER_GLOBAL_ACCENT_COLOR_NAME = AccentColor;
				CODE_SIGN_STYLE = Automatic;
				CURRENT_PROJECT_VERSION = 1;
				DEVELOPMENT_TEAM = 8TGK6Z6G7C;
				GENERATE_INFOPLIST_FILE = YES;
				INFOPLIST_FILE = test/Info.plist;
				INFOPLIST_KEY_UIApplicationSupportsIndirectInputEvents = YES;
				INFOPLIST_KEY_UILaunchStoryboardName = LaunchScreen;
				INFOPLIST_KEY_UIMainStoryboardFile = Main;
				INFOPLIST_KEY_UISupportedInterfaceOrientations_iPad = "UIInterfaceOrientationPortrait UIInterfaceOrientationPortraitUpsideDown UIInterfaceOrientationLandscapeLeft UIInterfaceOrientationLandscapeRight";
				INFOPLIST_KEY_UISupportedInterfaceOrientations_iPhone = "UIInterfaceOrientationPortrait UIInterfaceOrientationLandscapeLeft UIInterfaceOrientationLandscapeRight";
				IPHONEOS_DEPLOYMENT_TARGET = 13.0;
				LD_RUNPATH_SEARCH_PATHS = (
					"$(inherited)",
					"@executable_path/Frameworks",
				);
				MARKETING_VERSION = 1.0;
				PRODUCT_BUNDLE_IDENTIFIER = text.test;
				PRODUCT_NAME = "$(TARGET_NAME)";
				SWIFT_EMIT_LOC_STRINGS = YES;
				SWIFT_VERSION = 5.0;
				TARGETED_DEVICE_FAMILY = "1,2";
			};
			name = Release;
		};
		F0641CE727C479620053F355 /* Debug */ = {
			isa = XCBuildConfiguration;
			buildSettings = {
				ALWAYS_EMBED_SWIFT_STANDARD_LIBRARIES = YES;
				BUNDLE_LOADER = "$(TEST_HOST)";
				CODE_SIGN_STYLE = Automatic;
				CURRENT_PROJECT_VERSION = 1;
				DEVELOPMENT_TEAM = 8TGK6Z6G7C;
				GENERATE_INFOPLIST_FILE = YES;
				IPHONEOS_DEPLOYMENT_TARGET = 15.2;
				MARKETING_VERSION = 1.0;
				PRODUCT_BUNDLE_IDENTIFIER = text.testTests;
				PRODUCT_NAME = "$(TARGET_NAME)";
				SWIFT_EMIT_LOC_STRINGS = NO;
				SWIFT_VERSION = 5.0;
				TARGETED_DEVICE_FAMILY = "1,2";
				TEST_HOST = "$(BUILT_PRODUCTS_DIR)/test.app/test";
			};
			name = Debug;
		};
		F0641CE827C479620053F355 /* Release */ = {
			isa = XCBuildConfiguration;
			buildSettings = {
				ALWAYS_EMBED_SWIFT_STANDARD_LIBRARIES = YES;
				BUNDLE_LOADER = "$(TEST_HOST)";
				CODE_SIGN_STYLE = Automatic;
				CURRENT_PROJECT_VERSION = 1;
				DEVELOPMENT_TEAM = 8TGK6Z6G7C;
				GENERATE_INFOPLIST_FILE = YES;
				IPHONEOS_DEPLOYMENT_TARGET = 15.2;
				MARKETING_VERSION = 1.0;
				PRODUCT_BUNDLE_IDENTIFIER = text.testTests;
				PRODUCT_NAME = "$(TARGET_NAME)";
				SWIFT_EMIT_LOC_STRINGS = NO;
				SWIFT_VERSION = 5.0;
				TARGETED_DEVICE_FAMILY = "1,2";
				TEST_HOST = "$(BUILT_PRODUCTS_DIR)/test.app/test";
			};
			name = Release;
		};
		F0641CEA27C479620053F355 /* Debug */ = {
			isa = XCBuildConfiguration;
			buildSettings = {
				ALWAYS_EMBED_SWIFT_STANDARD_LIBRARIES = YES;
				CODE_SIGN_STYLE = Automatic;
				CURRENT_PROJECT_VERSION = 1;
				DEVELOPMENT_TEAM = 8TGK6Z6G7C;
				GENERATE_INFOPLIST_FILE = YES;
				MARKETING_VERSION = 1.0;
				PRODUCT_BUNDLE_IDENTIFIER = text.testUITests;
				PRODUCT_NAME = "$(TARGET_NAME)";
				SWIFT_EMIT_LOC_STRINGS = NO;
				SWIFT_VERSION = 5.0;
				TARGETED_DEVICE_FAMILY = "1,2";
				TEST_TARGET_NAME = test;
			};
			name = Debug;
		};
		F0641CEB27C479620053F355 /* Release */ = {
			isa = XCBuildConfiguration;
			buildSettings = {
				ALWAYS_EMBED_SWIFT_STANDARD_LIBRARIES = YES;
				CODE_SIGN_STYLE = Automatic;
				CURRENT_PROJECT_VERSION = 1;
				DEVELOPMENT_TEAM = 8TGK6Z6G7C;
				GENERATE_INFOPLIST_FILE = YES;
				MARKETING_VERSION = 1.0;
				PRODUCT_BUNDLE_IDENTIFIER = text.testUITests;
				PRODUCT_NAME = "$(TARGET_NAME)";
				SWIFT_EMIT_LOC_STRINGS = NO;
				SWIFT_VERSION = 5.0;
				TARGETED_DEVICE_FAMILY = "1,2";
				TEST_TARGET_NAME = test;
			};
			name = Release;
		};
/* End XCBuildConfiguration section */

/* Begin XCConfigurationList section */
		F0641CB427C4795F0053F355 /* Build configuration list for PBXProject "test" */ = {
			isa = XCConfigurationList;
			buildConfigurations = (
				F0641CE127C479620053F355 /* Debug */,
				F0641CE227C479620053F355 /* Release */,
			);
			defaultConfigurationIsVisible = 0;
			defaultConfigurationName = Release;
		};
		F0641CE327C479620053F355 /* Build configuration list for PBXNativeTarget "test" */ = {
			isa = XCConfigurationList;
			buildConfigurations = (
				F0641CE427C479620053F355 /* Debug */,
				F0641CE527C479620053F355 /* Release */,
			);
			defaultConfigurationIsVisible = 0;
			defaultConfigurationName = Release;
		};
		F0641CE627C479620053F355 /* Build configuration list for PBXNativeTarget "testTests" */ = {
			isa = XCConfigurationList;
			buildConfigurations = (
				F0641CE727C479620053F355 /* Debug */,
				F0641CE827C479620053F355 /* Release */,
			);
			defaultConfigurationIsVisible = 0;
			defaultConfigurationName = Release;
		};
		F0641CE927C479620053F355 /* Build configuration list for PBXNativeTarget "testUITests" */ = {
			isa = XCConfigurationList;
			buildConfigurations = (
				F0641CEA27C479620053F355 /* Debug */,
				F0641CEB27C479620053F355 /* Release */,
			);
			defaultConfigurationIsVisible = 0;
			defaultConfigurationName = Release;
		};
/* End XCConfigurationList section */
	};
	rootObject = F0641CB127C4795F0053F355 /* Project object */;
}
